// !$*UTF8*$!
{
	archiveVersion = 1;
	classes = {
	};
	objectVersion = 55;
	objects = {

/* Begin PBXBuildFile section */
		2A65FC63C6E670E78B1F0294 /* Pods_BookStore_Eduardo_BookStore_EduardoUITests.framework in Frameworks */ = {isa = PBXBuildFile; fileRef = C45BD623188E065D6229DAF5 /* Pods_BookStore_Eduardo_BookStore_EduardoUITests.framework */; };
		6134F153F836E12AD9C73D29 /* Pods_BookStore_EduardoTests.framework in Frameworks */ = {isa = PBXBuildFile; fileRef = CF82F56EAF110389BE6A0C45 /* Pods_BookStore_EduardoTests.framework */; };
		EB9AEAD132145A45BBF0D214 /* Pods_BookStore_Eduardo.framework in Frameworks */ = {isa = PBXBuildFile; fileRef = D0D2B36A5041B115D1ABC415 /* Pods_BookStore_Eduardo.framework */; };
		FA0C0E472819A299000C84CB /* AppDelegate.swift in Sources */ = {isa = PBXBuildFile; fileRef = FA0C0E462819A299000C84CB /* AppDelegate.swift */; };
		FA0C0E492819A299000C84CB /* SceneDelegate.swift in Sources */ = {isa = PBXBuildFile; fileRef = FA0C0E482819A299000C84CB /* SceneDelegate.swift */; };
		FA0C0E4B2819A299000C84CB /* ViewController.swift in Sources */ = {isa = PBXBuildFile; fileRef = FA0C0E4A2819A299000C84CB /* ViewController.swift */; };
		FA0C0E4E2819A299000C84CB /* Main.storyboard in Resources */ = {isa = PBXBuildFile; fileRef = FA0C0E4C2819A299000C84CB /* Main.storyboard */; };
		FA0C0E502819A29D000C84CB /* Assets.xcassets in Resources */ = {isa = PBXBuildFile; fileRef = FA0C0E4F2819A29D000C84CB /* Assets.xcassets */; };
		FA0C0E532819A29D000C84CB /* LaunchScreen.storyboard in Resources */ = {isa = PBXBuildFile; fileRef = FA0C0E512819A29D000C84CB /* LaunchScreen.storyboard */; };
		FA0C0E5E2819A29E000C84CB /* BookStore_EduardoTests.swift in Sources */ = {isa = PBXBuildFile; fileRef = FA0C0E5D2819A29E000C84CB /* BookStore_EduardoTests.swift */; };
		FA0C0E682819A29E000C84CB /* BookStore_EduardoUITests.swift in Sources */ = {isa = PBXBuildFile; fileRef = FA0C0E672819A29E000C84CB /* BookStore_EduardoUITests.swift */; };
		FA0C0E6A2819A29E000C84CB /* BookStore_EduardoUITestsLaunchTests.swift in Sources */ = {isa = PBXBuildFile; fileRef = FA0C0E692819A29E000C84CB /* BookStore_EduardoUITestsLaunchTests.swift */; };
/* End PBXBuildFile section */

/* Begin PBXContainerItemProxy section */
		FA0C0E5A2819A29E000C84CB /* PBXContainerItemProxy */ = {
			isa = PBXContainerItemProxy;
			containerPortal = FA0C0E3B2819A299000C84CB /* Project object */;
			proxyType = 1;
			remoteGlobalIDString = FA0C0E422819A299000C84CB;
			remoteInfo = BookStore_Eduardo;
		};
		FA0C0E642819A29E000C84CB /* PBXContainerItemProxy */ = {
			isa = PBXContainerItemProxy;
			containerPortal = FA0C0E3B2819A299000C84CB /* Project object */;
			proxyType = 1;
			remoteGlobalIDString = FA0C0E422819A299000C84CB;
			remoteInfo = BookStore_Eduardo;
		};
/* End PBXContainerItemProxy section */

/* Begin PBXFileReference section */
		0D68A72CD4EB36FA795CE6A1 /* Pods-BookStore_EduardoTests.release.xcconfig */ = {isa = PBXFileReference; includeInIndex = 1; lastKnownFileType = text.xcconfig; name = "Pods-BookStore_EduardoTests.release.xcconfig"; path = "Target Support Files/Pods-BookStore_EduardoTests/Pods-BookStore_EduardoTests.release.xcconfig"; sourceTree = "<group>"; };
		8078E423FAFA0D179EF02EE3 /* Pods-BookStore_Eduardo-BookStore_EduardoUITests.release.xcconfig */ = {isa = PBXFileReference; includeInIndex = 1; lastKnownFileType = text.xcconfig; name = "Pods-BookStore_Eduardo-BookStore_EduardoUITests.release.xcconfig"; path = "Target Support Files/Pods-BookStore_Eduardo-BookStore_EduardoUITests/Pods-BookStore_Eduardo-BookStore_EduardoUITests.release.xcconfig"; sourceTree = "<group>"; };
		81EBF83C1E610C5EBDF5AAAE /* Pods-BookStore_Eduardo.release.xcconfig */ = {isa = PBXFileReference; includeInIndex = 1; lastKnownFileType = text.xcconfig; name = "Pods-BookStore_Eduardo.release.xcconfig"; path = "Target Support Files/Pods-BookStore_Eduardo/Pods-BookStore_Eduardo.release.xcconfig"; sourceTree = "<group>"; };
		986152EC762FA559441CBAE7 /* Pods-BookStore_Eduardo-BookStore_EduardoUITests.debug.xcconfig */ = {isa = PBXFileReference; includeInIndex = 1; lastKnownFileType = text.xcconfig; name = "Pods-BookStore_Eduardo-BookStore_EduardoUITests.debug.xcconfig"; path = "Target Support Files/Pods-BookStore_Eduardo-BookStore_EduardoUITests/Pods-BookStore_Eduardo-BookStore_EduardoUITests.debug.xcconfig"; sourceTree = "<group>"; };
		C45BD623188E065D6229DAF5 /* Pods_BookStore_Eduardo_BookStore_EduardoUITests.framework */ = {isa = PBXFileReference; explicitFileType = wrapper.framework; includeInIndex = 0; path = Pods_BookStore_Eduardo_BookStore_EduardoUITests.framework; sourceTree = BUILT_PRODUCTS_DIR; };
		CF82F56EAF110389BE6A0C45 /* Pods_BookStore_EduardoTests.framework */ = {isa = PBXFileReference; explicitFileType = wrapper.framework; includeInIndex = 0; path = Pods_BookStore_EduardoTests.framework; sourceTree = BUILT_PRODUCTS_DIR; };
		D0D2B36A5041B115D1ABC415 /* Pods_BookStore_Eduardo.framework */ = {isa = PBXFileReference; explicitFileType = wrapper.framework; includeInIndex = 0; path = Pods_BookStore_Eduardo.framework; sourceTree = BUILT_PRODUCTS_DIR; };
		D25B8DB256F1A89265D90443 /* Pods-BookStore_EduardoTests.debug.xcconfig */ = {isa = PBXFileReference; includeInIndex = 1; lastKnownFileType = text.xcconfig; name = "Pods-BookStore_EduardoTests.debug.xcconfig"; path = "Target Support Files/Pods-BookStore_EduardoTests/Pods-BookStore_EduardoTests.debug.xcconfig"; sourceTree = "<group>"; };
		E6B53914B3ECD62FEF31297F /* Pods-BookStore_Eduardo.debug.xcconfig */ = {isa = PBXFileReference; includeInIndex = 1; lastKnownFileType = text.xcconfig; name = "Pods-BookStore_Eduardo.debug.xcconfig"; path = "Target Support Files/Pods-BookStore_Eduardo/Pods-BookStore_Eduardo.debug.xcconfig"; sourceTree = "<group>"; };
		FA0C0E432819A299000C84CB /* BookStore_Eduardo.app */ = {isa = PBXFileReference; explicitFileType = wrapper.application; includeInIndex = 0; path = BookStore_Eduardo.app; sourceTree = BUILT_PRODUCTS_DIR; };
		FA0C0E462819A299000C84CB /* AppDelegate.swift */ = {isa = PBXFileReference; lastKnownFileType = sourcecode.swift; path = AppDelegate.swift; sourceTree = "<group>"; };
		FA0C0E482819A299000C84CB /* SceneDelegate.swift */ = {isa = PBXFileReference; lastKnownFileType = sourcecode.swift; path = SceneDelegate.swift; sourceTree = "<group>"; };
		FA0C0E4A2819A299000C84CB /* ViewController.swift */ = {isa = PBXFileReference; lastKnownFileType = sourcecode.swift; path = ViewController.swift; sourceTree = "<group>"; };
		FA0C0E4D2819A299000C84CB /* Base */ = {isa = PBXFileReference; lastKnownFileType = file.storyboard; name = Base; path = Base.lproj/Main.storyboard; sourceTree = "<group>"; };
		FA0C0E4F2819A29D000C84CB /* Assets.xcassets */ = {isa = PBXFileReference; lastKnownFileType = folder.assetcatalog; path = Assets.xcassets; sourceTree = "<group>"; };
		FA0C0E522819A29D000C84CB /* Base */ = {isa = PBXFileReference; lastKnownFileType = file.storyboard; name = Base; path = Base.lproj/LaunchScreen.storyboard; sourceTree = "<group>"; };
		FA0C0E542819A29D000C84CB /* Info.plist */ = {isa = PBXFileReference; lastKnownFileType = text.plist.xml; path = Info.plist; sourceTree = "<group>"; };
		FA0C0E592819A29E000C84CB /* BookStore_EduardoTests.xctest */ = {isa = PBXFileReference; explicitFileType = wrapper.cfbundle; includeInIndex = 0; path = BookStore_EduardoTests.xctest; sourceTree = BUILT_PRODUCTS_DIR; };
		FA0C0E5D2819A29E000C84CB /* BookStore_EduardoTests.swift */ = {isa = PBXFileReference; lastKnownFileType = sourcecode.swift; path = BookStore_EduardoTests.swift; sourceTree = "<group>"; };
		FA0C0E632819A29E000C84CB /* BookStore_EduardoUITests.xctest */ = {isa = PBXFileReference; explicitFileType = wrapper.cfbundle; includeInIndex = 0; path = BookStore_EduardoUITests.xctest; sourceTree = BUILT_PRODUCTS_DIR; };
		FA0C0E672819A29E000C84CB /* BookStore_EduardoUITests.swift */ = {isa = PBXFileReference; lastKnownFileType = sourcecode.swift; path = BookStore_EduardoUITests.swift; sourceTree = "<group>"; };
		FA0C0E692819A29E000C84CB /* BookStore_EduardoUITestsLaunchTests.swift */ = {isa = PBXFileReference; lastKnownFileType = sourcecode.swift; path = BookStore_EduardoUITestsLaunchTests.swift; sourceTree = "<group>"; };
/* End PBXFileReference section */

/* Begin PBXFrameworksBuildPhase section */
		FA0C0E402819A299000C84CB /* Frameworks */ = {
			isa = PBXFrameworksBuildPhase;
			buildActionMask = 2147483647;
			files = (
				EB9AEAD132145A45BBF0D214 /* Pods_BookStore_Eduardo.framework in Frameworks */,
			);
			runOnlyForDeploymentPostprocessing = 0;
		};
		FA0C0E562819A29E000C84CB /* Frameworks */ = {
			isa = PBXFrameworksBuildPhase;
			buildActionMask = 2147483647;
			files = (
				6134F153F836E12AD9C73D29 /* Pods_BookStore_EduardoTests.framework in Frameworks */,
			);
			runOnlyForDeploymentPostprocessing = 0;
		};
		FA0C0E602819A29E000C84CB /* Frameworks */ = {
			isa = PBXFrameworksBuildPhase;
			buildActionMask = 2147483647;
			files = (
				2A65FC63C6E670E78B1F0294 /* Pods_BookStore_Eduardo_BookStore_EduardoUITests.framework in Frameworks */,
			);
			runOnlyForDeploymentPostprocessing = 0;
		};
/* End PBXFrameworksBuildPhase section */

/* Begin PBXGroup section */
		7534C647226977F144DE62FA /* Pods */ = {
			isa = PBXGroup;
			children = (
				E6B53914B3ECD62FEF31297F /* Pods-BookStore_Eduardo.debug.xcconfig */,
				81EBF83C1E610C5EBDF5AAAE /* Pods-BookStore_Eduardo.release.xcconfig */,
				986152EC762FA559441CBAE7 /* Pods-BookStore_Eduardo-BookStore_EduardoUITests.debug.xcconfig */,
				8078E423FAFA0D179EF02EE3 /* Pods-BookStore_Eduardo-BookStore_EduardoUITests.release.xcconfig */,
				D25B8DB256F1A89265D90443 /* Pods-BookStore_EduardoTests.debug.xcconfig */,
				0D68A72CD4EB36FA795CE6A1 /* Pods-BookStore_EduardoTests.release.xcconfig */,
			);
			name = Pods;
			path = Pods;
			sourceTree = "<group>";
		};
		FA0C0E3A2819A299000C84CB = {
			isa = PBXGroup;
			children = (
				FA0C0E452819A299000C84CB /* BookStore_Eduardo */,
				FA0C0E5C2819A29E000C84CB /* BookStore_EduardoTests */,
				FA0C0E662819A29E000C84CB /* BookStore_EduardoUITests */,
				FA0C0E442819A299000C84CB /* Products */,
				7534C647226977F144DE62FA /* Pods */,
				FC3831CA630DD864ABFDA7A0 /* Frameworks */,
			);
			sourceTree = "<group>";
		};
		FA0C0E442819A299000C84CB /* Products */ = {
			isa = PBXGroup;
			children = (
				FA0C0E432819A299000C84CB /* BookStore_Eduardo.app */,
				FA0C0E592819A29E000C84CB /* BookStore_EduardoTests.xctest */,
				FA0C0E632819A29E000C84CB /* BookStore_EduardoUITests.xctest */,
			);
			name = Products;
			sourceTree = "<group>";
		};
		FA0C0E452819A299000C84CB /* BookStore_Eduardo */ = {
			isa = PBXGroup;
			children = (
				FA0C0E462819A299000C84CB /* AppDelegate.swift */,
				FA0C0E482819A299000C84CB /* SceneDelegate.swift */,
				FA0C0E4A2819A299000C84CB /* ViewController.swift */,
				FA0C0E4C2819A299000C84CB /* Main.storyboard */,
				FA0C0E4F2819A29D000C84CB /* Assets.xcassets */,
				FA0C0E512819A29D000C84CB /* LaunchScreen.storyboard */,
				FA0C0E542819A29D000C84CB /* Info.plist */,
			);
			path = BookStore_Eduardo;
			sourceTree = "<group>";
		};
		FA0C0E5C2819A29E000C84CB /* BookStore_EduardoTests */ = {
			isa = PBXGroup;
			children = (
				FA0C0E5D2819A29E000C84CB /* BookStore_EduardoTests.swift */,
			);
			path = BookStore_EduardoTests;
			sourceTree = "<group>";
		};
		FA0C0E662819A29E000C84CB /* BookStore_EduardoUITests */ = {
			isa = PBXGroup;
			children = (
				FA0C0E672819A29E000C84CB /* BookStore_EduardoUITests.swift */,
				FA0C0E692819A29E000C84CB /* BookStore_EduardoUITestsLaunchTests.swift */,
			);
			path = BookStore_EduardoUITests;
			sourceTree = "<group>";
		};
		FC3831CA630DD864ABFDA7A0 /* Frameworks */ = {
			isa = PBXGroup;
			children = (
				D0D2B36A5041B115D1ABC415 /* Pods_BookStore_Eduardo.framework */,
				C45BD623188E065D6229DAF5 /* Pods_BookStore_Eduardo_BookStore_EduardoUITests.framework */,
				CF82F56EAF110389BE6A0C45 /* Pods_BookStore_EduardoTests.framework */,
			);
			name = Frameworks;
			sourceTree = "<group>";
		};
/* End PBXGroup section */

/* Begin PBXNativeTarget section */
		FA0C0E422819A299000C84CB /* BookStore_Eduardo */ = {
			isa = PBXNativeTarget;
			buildConfigurationList = FA0C0E6D2819A29E000C84CB /* Build configuration list for PBXNativeTarget "BookStore_Eduardo" */;
			buildPhases = (
				81E797D81213A489F0986FA8 /* [CP] Check Pods Manifest.lock */,
				FA0C0E3F2819A299000C84CB /* Sources */,
				FA0C0E402819A299000C84CB /* Frameworks */,
				FA0C0E412819A299000C84CB /* Resources */,
				67375C02096ED1E7D7FC57F4 /* [CP] Embed Pods Frameworks */,
			);
			buildRules = (
			);
			dependencies = (
			);
			name = BookStore_Eduardo;
			productName = BookStore_Eduardo;
			productReference = FA0C0E432819A299000C84CB /* BookStore_Eduardo.app */;
			productType = "com.apple.product-type.application";
		};
		FA0C0E582819A29E000C84CB /* BookStore_EduardoTests */ = {
			isa = PBXNativeTarget;
			buildConfigurationList = FA0C0E702819A29E000C84CB /* Build configuration list for PBXNativeTarget "BookStore_EduardoTests" */;
			buildPhases = (
				C403324159937399F5C84377 /* [CP] Check Pods Manifest.lock */,
				FA0C0E552819A29E000C84CB /* Sources */,
				FA0C0E562819A29E000C84CB /* Frameworks */,
				FA0C0E572819A29E000C84CB /* Resources */,
			);
			buildRules = (
			);
			dependencies = (
				FA0C0E5B2819A29E000C84CB /* PBXTargetDependency */,
			);
			name = BookStore_EduardoTests;
			productName = BookStore_EduardoTests;
			productReference = FA0C0E592819A29E000C84CB /* BookStore_EduardoTests.xctest */;
			productType = "com.apple.product-type.bundle.unit-test";
		};
		FA0C0E622819A29E000C84CB /* BookStore_EduardoUITests */ = {
			isa = PBXNativeTarget;
			buildConfigurationList = FA0C0E732819A29E000C84CB /* Build configuration list for PBXNativeTarget "BookStore_EduardoUITests" */;
			buildPhases = (
				200418D1E95CB6CB8A066669 /* [CP] Check Pods Manifest.lock */,
				FA0C0E5F2819A29E000C84CB /* Sources */,
				FA0C0E602819A29E000C84CB /* Frameworks */,
				FA0C0E612819A29E000C84CB /* Resources */,
				BD80956CC725487C40997357 /* [CP] Embed Pods Frameworks */,
			);
			buildRules = (
			);
			dependencies = (
				FA0C0E652819A29E000C84CB /* PBXTargetDependency */,
			);
			name = BookStore_EduardoUITests;
			productName = BookStore_EduardoUITests;
			productReference = FA0C0E632819A29E000C84CB /* BookStore_EduardoUITests.xctest */;
			productType = "com.apple.product-type.bundle.ui-testing";
		};
/* End PBXNativeTarget section */

/* Begin PBXProject section */
		FA0C0E3B2819A299000C84CB /* Project object */ = {
			isa = PBXProject;
			attributes = {
				BuildIndependentTargetsInParallel = 1;
				LastSwiftUpdateCheck = 1310;
				LastUpgradeCheck = 1310;
				TargetAttributes = {
					FA0C0E422819A299000C84CB = {
						CreatedOnToolsVersion = 13.1;
					};
					FA0C0E582819A29E000C84CB = {
						CreatedOnToolsVersion = 13.1;
						TestTargetID = FA0C0E422819A299000C84CB;
					};
					FA0C0E622819A29E000C84CB = {
						CreatedOnToolsVersion = 13.1;
						TestTargetID = FA0C0E422819A299000C84CB;
					};
				};
			};
			buildConfigurationList = FA0C0E3E2819A299000C84CB /* Build configuration list for PBXProject "BookStore_Eduardo" */;
			compatibilityVersion = "Xcode 13.0";
			developmentRegion = en;
			hasScannedForEncodings = 0;
			knownRegions = (
				en,
				Base,
			);
			mainGroup = FA0C0E3A2819A299000C84CB;
			productRefGroup = FA0C0E442819A299000C84CB /* Products */;
			projectDirPath = "";
			projectRoot = "";
			targets = (
				FA0C0E422819A299000C84CB /* BookStore_Eduardo */,
				FA0C0E582819A29E000C84CB /* BookStore_EduardoTests */,
				FA0C0E622819A29E000C84CB /* BookStore_EduardoUITests */,
			);
		};
/* End PBXProject section */

/* Begin PBXResourcesBuildPhase section */
		FA0C0E412819A299000C84CB /* Resources */ = {
			isa = PBXResourcesBuildPhase;
			buildActionMask = 2147483647;
			files = (
				FA0C0E532819A29D000C84CB /* LaunchScreen.storyboard in Resources */,
				FA0C0E502819A29D000C84CB /* Assets.xcassets in Resources */,
				FA0C0E4E2819A299000C84CB /* Main.storyboard in Resources */,
			);
			runOnlyForDeploymentPostprocessing = 0;
		};
		FA0C0E572819A29E000C84CB /* Resources */ = {
			isa = PBXResourcesBuildPhase;
			buildActionMask = 2147483647;
			files = (
			);
			runOnlyForDeploymentPostprocessing = 0;
		};
		FA0C0E612819A29E000C84CB /* Resources */ = {
			isa = PBXResourcesBuildPhase;
			buildActionMask = 2147483647;
			files = (
			);
			runOnlyForDeploymentPostprocessing = 0;
		};
/* End PBXResourcesBuildPhase section */

/* Begin PBXShellScriptBuildPhase section */
		200418D1E95CB6CB8A066669 /* [CP] Check Pods Manifest.lock */ = {
			isa = PBXShellScriptBuildPhase;
			buildActionMask = 2147483647;
			files = (
			);
			inputFileListPaths = (
			);
			inputPaths = (
				"${PODS_PODFILE_DIR_PATH}/Podfile.lock",
				"${PODS_ROOT}/Manifest.lock",
			);
			name = "[CP] Check Pods Manifest.lock";
			outputFileListPaths = (
			);
			outputPaths = (
				"$(DERIVED_FILE_DIR)/Pods-BookStore_Eduardo-BookStore_EduardoUITests-checkManifestLockResult.txt",
			);
			runOnlyForDeploymentPostprocessing = 0;
			shellPath = /bin/sh;
			shellScript = "diff \"${PODS_PODFILE_DIR_PATH}/Podfile.lock\" \"${PODS_ROOT}/Manifest.lock\" > /dev/null\nif [ $? != 0 ] ; then\n    # print error to STDERR\n    echo \"error: The sandbox is not in sync with the Podfile.lock. Run 'pod install' or update your CocoaPods installation.\" >&2\n    exit 1\nfi\n# This output is used by Xcode 'outputs' to avoid re-running this script phase.\necho \"SUCCESS\" > \"${SCRIPT_OUTPUT_FILE_0}\"\n";
			showEnvVarsInLog = 0;
		};
		67375C02096ED1E7D7FC57F4 /* [CP] Embed Pods Frameworks */ = {
			isa = PBXShellScriptBuildPhase;
			buildActionMask = 2147483647;
			files = (
			);
			inputFileListPaths = (
				"${PODS_ROOT}/Target Support Files/Pods-BookStore_Eduardo/Pods-BookStore_Eduardo-frameworks-${CONFIGURATION}-input-files.xcfilelist",
			);
			name = "[CP] Embed Pods Frameworks";
			outputFileListPaths = (
				"${PODS_ROOT}/Target Support Files/Pods-BookStore_Eduardo/Pods-BookStore_Eduardo-frameworks-${CONFIGURATION}-output-files.xcfilelist",
			);
			runOnlyForDeploymentPostprocessing = 0;
			shellPath = /bin/sh;
			shellScript = "\"${PODS_ROOT}/Target Support Files/Pods-BookStore_Eduardo/Pods-BookStore_Eduardo-frameworks.sh\"\n";
			showEnvVarsInLog = 0;
		};
		81E797D81213A489F0986FA8 /* [CP] Check Pods Manifest.lock */ = {
			isa = PBXShellScriptBuildPhase;
			buildActionMask = 2147483647;
			files = (
			);
			inputFileListPaths = (
			);
			inputPaths = (
				"${PODS_PODFILE_DIR_PATH}/Podfile.lock",
				"${PODS_ROOT}/Manifest.lock",
			);
			name = "[CP] Check Pods Manifest.lock";
			outputFileListPaths = (
			);
			outputPaths = (
				"$(DERIVED_FILE_DIR)/Pods-BookStore_Eduardo-checkManifestLockResult.txt",
			);
			runOnlyForDeploymentPostprocessing = 0;
			shellPath = /bin/sh;
			shellScript = "diff \"${PODS_PODFILE_DIR_PATH}/Podfile.lock\" \"${PODS_ROOT}/Manifest.lock\" > /dev/null\nif [ $? != 0 ] ; then\n    # print error to STDERR\n    echo \"error: The sandbox is not in sync with the Podfile.lock. Run 'pod install' or update your CocoaPods installation.\" >&2\n    exit 1\nfi\n# This output is used by Xcode 'outputs' to avoid re-running this script phase.\necho \"SUCCESS\" > \"${SCRIPT_OUTPUT_FILE_0}\"\n";
			showEnvVarsInLog = 0;
		};
		BD80956CC725487C40997357 /* [CP] Embed Pods Frameworks */ = {
			isa = PBXShellScriptBuildPhase;
			buildActionMask = 2147483647;
			files = (
			);
			inputFileListPaths = (
				"${PODS_ROOT}/Target Support Files/Pods-BookStore_Eduardo-BookStore_EduardoUITests/Pods-BookStore_Eduardo-BookStore_EduardoUITests-frameworks-${CONFIGURATION}-input-files.xcfilelist",
			);
			name = "[CP] Embed Pods Frameworks";
			outputFileListPaths = (
				"${PODS_ROOT}/Target Support Files/Pods-BookStore_Eduardo-BookStore_EduardoUITests/Pods-BookStore_Eduardo-BookStore_EduardoUITests-frameworks-${CONFIGURATION}-output-files.xcfilelist",
			);
			runOnlyForDeploymentPostprocessing = 0;
			shellPath = /bin/sh;
			shellScript = "\"${PODS_ROOT}/Target Support Files/Pods-BookStore_Eduardo-BookStore_EduardoUITests/Pods-BookStore_Eduardo-BookStore_EduardoUITests-frameworks.sh\"\n";
			showEnvVarsInLog = 0;
		};
		C403324159937399F5C84377 /* [CP] Check Pods Manifest.lock */ = {
			isa = PBXShellScriptBuildPhase;
			buildActionMask = 2147483647;
			files = (
			);
			inputFileListPaths = (
			);
			inputPaths = (
				"${PODS_PODFILE_DIR_PATH}/Podfile.lock",
				"${PODS_ROOT}/Manifest.lock",
			);
			name = "[CP] Check Pods Manifest.lock";
			outputFileListPaths = (
			);
			outputPaths = (
				"$(DERIVED_FILE_DIR)/Pods-BookStore_EduardoTests-checkManifestLockResult.txt",
			);
			runOnlyForDeploymentPostprocessing = 0;
			shellPath = /bin/sh;
			shellScript = "diff \"${PODS_PODFILE_DIR_PATH}/Podfile.lock\" \"${PODS_ROOT}/Manifest.lock\" > /dev/null\nif [ $? != 0 ] ; then\n    # print error to STDERR\n    echo \"error: The sandbox is not in sync with the Podfile.lock. Run 'pod install' or update your CocoaPods installation.\" >&2\n    exit 1\nfi\n# This output is used by Xcode 'outputs' to avoid re-running this script phase.\necho \"SUCCESS\" > \"${SCRIPT_OUTPUT_FILE_0}\"\n";
			showEnvVarsInLog = 0;
		};
/* End PBXShellScriptBuildPhase section */

/* Begin PBXSourcesBuildPhase section */
		FA0C0E3F2819A299000C84CB /* Sources */ = {
			isa = PBXSourcesBuildPhase;
			buildActionMask = 2147483647;
			files = (
				FA0C0E4B2819A299000C84CB /* ViewController.swift in Sources */,
				FA0C0E472819A299000C84CB /* AppDelegate.swift in Sources */,
				FA0C0E492819A299000C84CB /* SceneDelegate.swift in Sources */,
			);
			runOnlyForDeploymentPostprocessing = 0;
		};
		FA0C0E552819A29E000C84CB /* Sources */ = {
			isa = PBXSourcesBuildPhase;
			buildActionMask = 2147483647;
			files = (
				FA0C0E5E2819A29E000C84CB /* BookStore_EduardoTests.swift in Sources */,
			);
			runOnlyForDeploymentPostprocessing = 0;
		};
		FA0C0E5F2819A29E000C84CB /* Sources */ = {
			isa = PBXSourcesBuildPhase;
			buildActionMask = 2147483647;
			files = (
				FA0C0E6A2819A29E000C84CB /* BookStore_EduardoUITestsLaunchTests.swift in Sources */,
				FA0C0E682819A29E000C84CB /* BookStore_EduardoUITests.swift in Sources */,
			);
			runOnlyForDeploymentPostprocessing = 0;
		};
/* End PBXSourcesBuildPhase section */

/* Begin PBXTargetDependency section */
		FA0C0E5B2819A29E000C84CB /* PBXTargetDependency */ = {
			isa = PBXTargetDependency;
			target = FA0C0E422819A299000C84CB /* BookStore_Eduardo */;
			targetProxy = FA0C0E5A2819A29E000C84CB /* PBXContainerItemProxy */;
		};
		FA0C0E652819A29E000C84CB /* PBXTargetDependency */ = {
			isa = PBXTargetDependency;
			target = FA0C0E422819A299000C84CB /* BookStore_Eduardo */;
			targetProxy = FA0C0E642819A29E000C84CB /* PBXContainerItemProxy */;
		};
/* End PBXTargetDependency section */

/* Begin PBXVariantGroup section */
		FA0C0E4C2819A299000C84CB /* Main.storyboard */ = {
			isa = PBXVariantGroup;
			children = (
				FA0C0E4D2819A299000C84CB /* Base */,
			);
			name = Main.storyboard;
			sourceTree = "<group>";
		};
		FA0C0E512819A29D000C84CB /* LaunchScreen.storyboard */ = {
			isa = PBXVariantGroup;
			children = (
				FA0C0E522819A29D000C84CB /* Base */,
			);
			name = LaunchScreen.storyboard;
			sourceTree = "<group>";
		};
/* End PBXVariantGroup section */

/* Begin XCBuildConfiguration section */
		FA0C0E6B2819A29E000C84CB /* Debug */ = {
			isa = XCBuildConfiguration;
			buildSettings = {
				ALWAYS_SEARCH_USER_PATHS = NO;
				CLANG_ANALYZER_NONNULL = YES;
				CLANG_ANALYZER_NUMBER_OBJECT_CONVERSION = YES_AGGRESSIVE;
				CLANG_CXX_LANGUAGE_STANDARD = "gnu++17";
				CLANG_CXX_LIBRARY = "libc++";
				CLANG_ENABLE_MODULES = YES;
				CLANG_ENABLE_OBJC_ARC = YES;
				CLANG_ENABLE_OBJC_WEAK = YES;
				CLANG_WARN_BLOCK_CAPTURE_AUTORELEASING = YES;
				CLANG_WARN_BOOL_CONVERSION = YES;
				CLANG_WARN_COMMA = YES;
				CLANG_WARN_CONSTANT_CONVERSION = YES;
				CLANG_WARN_DEPRECATED_OBJC_IMPLEMENTATIONS = YES;
				CLANG_WARN_DIRECT_OBJC_ISA_USAGE = YES_ERROR;
				CLANG_WARN_DOCUMENTATION_COMMENTS = YES;
				CLANG_WARN_EMPTY_BODY = YES;
				CLANG_WARN_ENUM_CONVERSION = YES;
				CLANG_WARN_INFINITE_RECURSION = YES;
				CLANG_WARN_INT_CONVERSION = YES;
				CLANG_WARN_NON_LITERAL_NULL_CONVERSION = YES;
				CLANG_WARN_OBJC_IMPLICIT_RETAIN_SELF = YES;
				CLANG_WARN_OBJC_LITERAL_CONVERSION = YES;
				CLANG_WARN_OBJC_ROOT_CLASS = YES_ERROR;
				CLANG_WARN_QUOTED_INCLUDE_IN_FRAMEWORK_HEADER = YES;
				CLANG_WARN_RANGE_LOOP_ANALYSIS = YES;
				CLANG_WARN_STRICT_PROTOTYPES = YES;
				CLANG_WARN_SUSPICIOUS_MOVE = YES;
				CLANG_WARN_UNGUARDED_AVAILABILITY = YES_AGGRESSIVE;
				CLANG_WARN_UNREACHABLE_CODE = YES;
				CLANG_WARN__DUPLICATE_METHOD_MATCH = YES;
				COPY_PHASE_STRIP = NO;
				DEBUG_INFORMATION_FORMAT = dwarf;
				ENABLE_STRICT_OBJC_MSGSEND = YES;
				ENABLE_TESTABILITY = YES;
				GCC_C_LANGUAGE_STANDARD = gnu11;
				GCC_DYNAMIC_NO_PIC = NO;
				GCC_NO_COMMON_BLOCKS = YES;
				GCC_OPTIMIZATION_LEVEL = 0;
				GCC_PREPROCESSOR_DEFINITIONS = (
					"DEBUG=1",
					"$(inherited)",
				);
				GCC_WARN_64_TO_32_BIT_CONVERSION = YES;
				GCC_WARN_ABOUT_RETURN_TYPE = YES_ERROR;
				GCC_WARN_UNDECLARED_SELECTOR = YES;
				GCC_WARN_UNINITIALIZED_AUTOS = YES_AGGRESSIVE;
				GCC_WARN_UNUSED_FUNCTION = YES;
				GCC_WARN_UNUSED_VARIABLE = YES;
				IPHONEOS_DEPLOYMENT_TARGET = 15.0;
				MTL_ENABLE_DEBUG_INFO = INCLUDE_SOURCE;
				MTL_FAST_MATH = YES;
				ONLY_ACTIVE_ARCH = YES;
				SDKROOT = iphoneos;
				SWIFT_ACTIVE_COMPILATION_CONDITIONS = DEBUG;
				SWIFT_OPTIMIZATION_LEVEL = "-Onone";
			};
			name = Debug;
		};
		FA0C0E6C2819A29E000C84CB /* Release */ = {
			isa = XCBuildConfiguration;
			buildSettings = {
				ALWAYS_SEARCH_USER_PATHS = NO;
				CLANG_ANALYZER_NONNULL = YES;
				CLANG_ANALYZER_NUMBER_OBJECT_CONVERSION = YES_AGGRESSIVE;
				CLANG_CXX_LANGUAGE_STANDARD = "gnu++17";
				CLANG_CXX_LIBRARY = "libc++";
				CLANG_ENABLE_MODULES = YES;
				CLANG_ENABLE_OBJC_ARC = YES;
				CLANG_ENABLE_OBJC_WEAK = YES;
				CLANG_WARN_BLOCK_CAPTURE_AUTORELEASING = YES;
				CLANG_WARN_BOOL_CONVERSION = YES;
				CLANG_WARN_COMMA = YES;
				CLANG_WARN_CONSTANT_CONVERSION = YES;
				CLANG_WARN_DEPRECATED_OBJC_IMPLEMENTATIONS = YES;
				CLANG_WARN_DIRECT_OBJC_ISA_USAGE = YES_ERROR;
				CLANG_WARN_DOCUMENTATION_COMMENTS = YES;
				CLANG_WARN_EMPTY_BODY = YES;
				CLANG_WARN_ENUM_CONVERSION = YES;
				CLANG_WARN_INFINITE_RECURSION = YES;
				CLANG_WARN_INT_CONVERSION = YES;
				CLANG_WARN_NON_LITERAL_NULL_CONVERSION = YES;
				CLANG_WARN_OBJC_IMPLICIT_RETAIN_SELF = YES;
				CLANG_WARN_OBJC_LITERAL_CONVERSION = YES;
				CLANG_WARN_OBJC_ROOT_CLASS = YES_ERROR;
				CLANG_WARN_QUOTED_INCLUDE_IN_FRAMEWORK_HEADER = YES;
				CLANG_WARN_RANGE_LOOP_ANALYSIS = YES;
				CLANG_WARN_STRICT_PROTOTYPES = YES;
				CLANG_WARN_SUSPICIOUS_MOVE = YES;
				CLANG_WARN_UNGUARDED_AVAILABILITY = YES_AGGRESSIVE;
				CLANG_WARN_UNREACHABLE_CODE = YES;
				CLANG_WARN__DUPLICATE_METHOD_MATCH = YES;
				COPY_PHASE_STRIP = NO;
				DEBUG_INFORMATION_FORMAT = "dwarf-with-dsym";
				ENABLE_NS_ASSERTIONS = NO;
				ENABLE_STRICT_OBJC_MSGSEND = YES;
				GCC_C_LANGUAGE_STANDARD = gnu11;
				GCC_NO_COMMON_BLOCKS = YES;
				GCC_WARN_64_TO_32_BIT_CONVERSION = YES;
				GCC_WARN_ABOUT_RETURN_TYPE = YES_ERROR;
				GCC_WARN_UNDECLARED_SELECTOR = YES;
				GCC_WARN_UNINITIALIZED_AUTOS = YES_AGGRESSIVE;
				GCC_WARN_UNUSED_FUNCTION = YES;
				GCC_WARN_UNUSED_VARIABLE = YES;
				IPHONEOS_DEPLOYMENT_TARGET = 15.0;
				MTL_ENABLE_DEBUG_INFO = NO;
				MTL_FAST_MATH = YES;
				SDKROOT = iphoneos;
				SWIFT_COMPILATION_MODE = wholemodule;
				SWIFT_OPTIMIZATION_LEVEL = "-O";
				VALIDATE_PRODUCT = YES;
			};
			name = Release;
		};
		FA0C0E6E2819A29E000C84CB /* Debug */ = {
			isa = XCBuildConfiguration;
			baseConfigurationReference = E6B53914B3ECD62FEF31297F /* Pods-BookStore_Eduardo.debug.xcconfig */;
			buildSettings = {
				ASSETCATALOG_COMPILER_APPICON_NAME = AppIcon;
				ASSETCATALOG_COMPILER_GLOBAL_ACCENT_COLOR_NAME = AccentColor;
				CODE_SIGN_STYLE = Automatic;
				CURRENT_PROJECT_VERSION = 1;
				DEVELOPMENT_TEAM = 7Y8S23LW8F;
				GENERATE_INFOPLIST_FILE = YES;
				INFOPLIST_FILE = BookStore_Eduardo/Info.plist;
				INFOPLIST_KEY_UIApplicationSupportsIndirectInputEvents = YES;
				INFOPLIST_KEY_UILaunchStoryboardName = LaunchScreen;
				INFOPLIST_KEY_UIMainStoryboardFile = Main;
				INFOPLIST_KEY_UISupportedInterfaceOrientations_iPad = "UIInterfaceOrientationPortrait UIInterfaceOrientationPortraitUpsideDown UIInterfaceOrientationLandscapeLeft UIInterfaceOrientationLandscapeRight";
				INFOPLIST_KEY_UISupportedInterfaceOrientations_iPhone = "UIInterfaceOrientationPortrait UIInterfaceOrientationLandscapeLeft UIInterfaceOrientationLandscapeRight";
				LD_RUNPATH_SEARCH_PATHS = (
					"$(inherited)",
					"@executable_path/Frameworks",
				);
				MARKETING_VERSION = 1.0;
				PRODUCT_BUNDLE_IDENTIFIER = "EF.BookStore-Eduardo";
				PRODUCT_NAME = "$(TARGET_NAME)";
				SWIFT_EMIT_LOC_STRINGS = YES;
				SWIFT_VERSION = 5.0;
				TARGETED_DEVICE_FAMILY = "1,2";
			};
			name = Debug;
		};
		FA0C0E6F2819A29E000C84CB /* Release */ = {
			isa = XCBuildConfiguration;
			baseConfigurationReference = 81EBF83C1E610C5EBDF5AAAE /* Pods-BookStore_Eduardo.release.xcconfig */;
			buildSettings = {
				ASSETCATALOG_COMPILER_APPICON_NAME = AppIcon;
				ASSETCATALOG_COMPILER_GLOBAL_ACCENT_COLOR_NAME = AccentColor;
				CODE_SIGN_STYLE = Automatic;
				CURRENT_PROJECT_VERSION = 1;
				DEVELOPMENT_TEAM = 7Y8S23LW8F;
				GENERATE_INFOPLIST_FILE = YES;
				INFOPLIST_FILE = BookStore_Eduardo/Info.plist;
				INFOPLIST_KEY_UIApplicationSupportsIndirectInputEvents = YES;
				INFOPLIST_KEY_UILaunchStoryboardName = LaunchScreen;
				INFOPLIST_KEY_UIMainStoryboardFile = Main;
				INFOPLIST_KEY_UISupportedInterfaceOrientations_iPad = "UIInterfaceOrientationPortrait UIInterfaceOrientationPortraitUpsideDown UIInterfaceOrientationLandscapeLeft UIInterfaceOrientationLandscapeRight";
				INFOPLIST_KEY_UISupportedInterfaceOrientations_iPhone = "UIInterfaceOrientationPortrait UIInterfaceOrientationLandscapeLeft UIInterfaceOrientationLandscapeRight";
				LD_RUNPATH_SEARCH_PATHS = (
					"$(inherited)",
					"@executable_path/Frameworks",
				);
				MARKETING_VERSION = 1.0;
				PRODUCT_BUNDLE_IDENTIFIER = "EF.BookStore-Eduardo";
				PRODUCT_NAME = "$(TARGET_NAME)";
				SWIFT_EMIT_LOC_STRINGS = YES;
				SWIFT_VERSION = 5.0;
				TARGETED_DEVICE_FAMILY = "1,2";
			};
			name = Release;
		};
		FA0C0E712819A29E000C84CB /* Debug */ = {
			isa = XCBuildConfiguration;
			baseConfigurationReference = D25B8DB256F1A89265D90443 /* Pods-BookStore_EduardoTests.debug.xcconfig */;
			buildSettings = {
				ALWAYS_EMBED_SWIFT_STANDARD_LIBRARIES = YES;
				BUNDLE_LOADER = "$(TEST_HOST)";
				CODE_SIGN_STYLE = Automatic;
				CURRENT_PROJECT_VERSION = 1;
				DEVELOPMENT_TEAM = 7Y8S23LW8F;
				GENERATE_INFOPLIST_FILE = YES;
				IPHONEOS_DEPLOYMENT_TARGET = 15.0;
				LD_RUNPATH_SEARCH_PATHS = (
					"$(inherited)",
					"@executable_path/Frameworks",
					"@loader_path/Frameworks",
				);
				MARKETING_VERSION = 1.0;
				PRODUCT_BUNDLE_IDENTIFIER = "EF.BookStore-EduardoTests";
				PRODUCT_NAME = "$(TARGET_NAME)";
				SWIFT_EMIT_LOC_STRINGS = NO;
				SWIFT_VERSION = 5.0;
				TARGETED_DEVICE_FAMILY = "1,2";
				TEST_HOST = "$(BUILT_PRODUCTS_DIR)/BookStore_Eduardo.app/BookStore_Eduardo";
			};
			name = Debug;
		};
		FA0C0E722819A29E000C84CB /* Release */ = {
			isa = XCBuildConfiguration;
			baseConfigurationReference = 0D68A72CD4EB36FA795CE6A1 /* Pods-BookStore_EduardoTests.release.xcconfig */;
			buildSettings = {
				ALWAYS_EMBED_SWIFT_STANDARD_LIBRARIES = YES;
				BUNDLE_LOADER = "$(TEST_HOST)";
				CODE_SIGN_STYLE = Automatic;
				CURRENT_PROJECT_VERSION = 1;
				DEVELOPMENT_TEAM = 7Y8S23LW8F;
				GENERATE_INFOPLIST_FILE = YES;
				IPHONEOS_DEPLOYMENT_TARGET = 15.0;
				LD_RUNPATH_SEARCH_PATHS = (
					"$(inherited)",
					"@executable_path/Frameworks",
					"@loader_path/Frameworks",
				);
				MARKETING_VERSION = 1.0;
				PRODUCT_BUNDLE_IDENTIFIER = "EF.BookStore-EduardoTests";
				PRODUCT_NAME = "$(TARGET_NAME)";
				SWIFT_EMIT_LOC_STRINGS = NO;
				SWIFT_VERSION = 5.0;
				TARGETED_DEVICE_FAMILY = "1,2";
				TEST_HOST = "$(BUILT_PRODUCTS_DIR)/BookStore_Eduardo.app/BookStore_Eduardo";
			};
			name = Release;
		};
		FA0C0E742819A29E000C84CB /* Debug */ = {
			isa = XCBuildConfiguration;
			baseConfigurationReference = 986152EC762FA559441CBAE7 /* Pods-BookStore_Eduardo-BookStore_EduardoUITests.debug.xcconfig */;
			buildSettings = {
				ALWAYS_EMBED_SWIFT_STANDARD_LIBRARIES = YES;
				CODE_SIGN_STYLE = Automatic;
				CURRENT_PROJECT_VERSION = 1;
				DEVELOPMENT_TEAM = 7Y8S23LW8F;
				GENERATE_INFOPLIST_FILE = YES;
				LD_RUNPATH_SEARCH_PATHS = (
					"$(inherited)",
					"@executable_path/Frameworks",
					"@loader_path/Frameworks",
				);
				MARKETING_VERSION = 1.0;
				PRODUCT_BUNDLE_IDENTIFIER = "EF.BookStore-EduardoUITests";
				PRODUCT_NAME = "$(TARGET_NAME)";
				SWIFT_EMIT_LOC_STRINGS = NO;
				SWIFT_VERSION = 5.0;
				TARGETED_DEVICE_FAMILY = "1,2";
				TEST_TARGET_NAME = BookStore_Eduardo;
			};
			name = Debug;
		};
		FA0C0E752819A29E000C84CB /* Release */ = {
			isa = XCBuildConfiguration;
			baseConfigurationReference = 8078E423FAFA0D179EF02EE3 /* Pods-BookStore_Eduardo-BookStore_EduardoUITests.release.xcconfig */;
			buildSettings = {
				ALWAYS_EMBED_SWIFT_STANDARD_LIBRARIES = YES;
				CODE_SIGN_STYLE = Automatic;
				CURRENT_PROJECT_VERSION = 1;
				DEVELOPMENT_TEAM = 7Y8S23LW8F;
				GENERATE_INFOPLIST_FILE = YES;
				LD_RUNPATH_SEARCH_PATHS = (
					"$(inherited)",
					"@executable_path/Frameworks",
					"@loader_path/Frameworks",
				);
				MARKETING_VERSION = 1.0;
				PRODUCT_BUNDLE_IDENTIFIER = "EF.BookStore-EduardoUITests";
				PRODUCT_NAME = "$(TARGET_NAME)";
				SWIFT_EMIT_LOC_STRINGS = NO;
				SWIFT_VERSION = 5.0;
				TARGETED_DEVICE_FAMILY = "1,2";
				TEST_TARGET_NAME = BookStore_Eduardo;
			};
			name = Release;
		};
/* End XCBuildConfiguration section */

/* Begin XCConfigurationList section */
		FA0C0E3E2819A299000C84CB /* Build configuration list for PBXProject "BookStore_Eduardo" */ = {
			isa = XCConfigurationList;
			buildConfigurations = (
				FA0C0E6B2819A29E000C84CB /* Debug */,
				FA0C0E6C2819A29E000C84CB /* Release */,
			);
			defaultConfigurationIsVisible = 0;
			defaultConfigurationName = Release;
		};
		FA0C0E6D2819A29E000C84CB /* Build configuration list for PBXNativeTarget "BookStore_Eduardo" */ = {
			isa = XCConfigurationList;
			buildConfigurations = (
				FA0C0E6E2819A29E000C84CB /* Debug */,
				FA0C0E6F2819A29E000C84CB /* Release */,
			);
			defaultConfigurationIsVisible = 0;
			defaultConfigurationName = Release;
		};
		FA0C0E702819A29E000C84CB /* Build configuration list for PBXNativeTarget "BookStore_EduardoTests" */ = {
			isa = XCConfigurationList;
			buildConfigurations = (
				FA0C0E712819A29E000C84CB /* Debug */,
				FA0C0E722819A29E000C84CB /* Release */,
			);
			defaultConfigurationIsVisible = 0;
			defaultConfigurationName = Release;
		};
		FA0C0E732819A29E000C84CB /* Build configuration list for PBXNativeTarget "BookStore_EduardoUITests" */ = {
			isa = XCConfigurationList;
			buildConfigurations = (
				FA0C0E742819A29E000C84CB /* Debug */,
				FA0C0E752819A29E000C84CB /* Release */,
			);
			defaultConfigurationIsVisible = 0;
			defaultConfigurationName = Release;
		};
/* End XCConfigurationList section */
	};
	rootObject = FA0C0E3B2819A299000C84CB /* Project object */;
}
